// !$*UTF8*$!
{
	archiveVersion = 1;
	classes = {
	};
	objectVersion = 50;
	objects = {

/* Begin PBXBuildFile section */
		00911A462317AAE100206249 /* AppDelegate.m in Sources */ = {isa = PBXBuildFile; fileRef = 00911A452317AAE100206249 /* AppDelegate.m */; };
		00911A492317AAE100206249 /* ViewController.m in Sources */ = {isa = PBXBuildFile; fileRef = 00911A482317AAE100206249 /* ViewController.m */; };
		00911A4C2317AAE100206249 /* Main.storyboard in Resources */ = {isa = PBXBuildFile; fileRef = 00911A4A2317AAE100206249 /* Main.storyboard */; };
		00911A4E2317AAED00206249 /* Assets.xcassets in Resources */ = {isa = PBXBuildFile; fileRef = 00911A4D2317AAED00206249 /* Assets.xcassets */; };
		00911A512317AAED00206249 /* LaunchScreen.storyboard in Resources */ = {isa = PBXBuildFile; fileRef = 00911A4F2317AAED00206249 /* LaunchScreen.storyboard */; };
		00911A542317AAED00206249 /* main.m in Sources */ = {isa = PBXBuildFile; fileRef = 00911A532317AAED00206249 /* main.m */; };
		00911A5E2317AB0B00206249 /* JRImagePicker.m in Sources */ = {isa = PBXBuildFile; fileRef = 00911A5B2317AB0B00206249 /* JRImagePicker.m */; };
		DF29F590231805B3009B3CBC /* README.md in Resources */ = {isa = PBXBuildFile; fileRef = DF29F58F231805B3009B3CBC /* README.md */; };
/* End PBXBuildFile section */

/* Begin PBXFileReference section */
		00911A412317AAE100206249 /* JRImagePickerDemo.app */ = {isa = PBXFileReference; explicitFileType = wrapper.application; includeInIndex = 0; path = JRImagePickerDemo.app; sourceTree = BUILT_PRODUCTS_DIR; };
		00911A442317AAE100206249 /* AppDelegate.h */ = {isa = PBXFileReference; lastKnownFileType = sourcecode.c.h; path = AppDelegate.h; sourceTree = "<group>"; };
		00911A452317AAE100206249 /* AppDelegate.m */ = {isa = PBXFileReference; lastKnownFileType = sourcecode.c.objc; path = AppDelegate.m; sourceTree = "<group>"; };
		00911A472317AAE100206249 /* ViewController.h */ = {isa = PBXFileReference; lastKnownFileType = sourcecode.c.h; path = ViewController.h; sourceTree = "<group>"; };
		00911A482317AAE100206249 /* ViewController.m */ = {isa = PBXFileReference; lastKnownFileType = sourcecode.c.objc; path = ViewController.m; sourceTree = "<group>"; };
		00911A4B2317AAE100206249 /* Base */ = {isa = PBXFileReference; lastKnownFileType = file.storyboard; name = Base; path = Base.lproj/Main.storyboard; sourceTree = "<group>"; };
		00911A4D2317AAED00206249 /* Assets.xcassets */ = {isa = PBXFileReference; lastKnownFileType = folder.assetcatalog; path = Assets.xcassets; sourceTree = "<group>"; };
		00911A502317AAED00206249 /* Base */ = {isa = PBXFileReference; lastKnownFileType = file.storyboard; name = Base; path = Base.lproj/LaunchScreen.storyboard; sourceTree = "<group>"; };
		00911A522317AAED00206249 /* Info.plist */ = {isa = PBXFileReference; lastKnownFileType = text.plist.xml; path = Info.plist; sourceTree = "<group>"; };
		00911A532317AAED00206249 /* main.m */ = {isa = PBXFileReference; lastKnownFileType = sourcecode.c.objc; path = main.m; sourceTree = "<group>"; };
		00911A5B2317AB0B00206249 /* JRImagePicker.m */ = {isa = PBXFileReference; fileEncoding = 4; lastKnownFileType = sourcecode.c.objc; path = JRImagePicker.m; sourceTree = "<group>"; };
		00911A5D2317AB0B00206249 /* JRImagePicker.h */ = {isa = PBXFileReference; fileEncoding = 4; lastKnownFileType = sourcecode.c.h; path = JRImagePicker.h; sourceTree = "<group>"; };
		DF29F58F231805B3009B3CBC /* README.md */ = {isa = PBXFileReference; fileEncoding = 4; lastKnownFileType = net.daringfireball.markdown; name = README.md; path = ../../README.md; sourceTree = "<group>"; };
/* End PBXFileReference section */

/* Begin PBXFrameworksBuildPhase section */
		00911A3E2317AAE100206249 /* Frameworks */ = {
			isa = PBXFrameworksBuildPhase;
			buildActionMask = 2147483647;
			files = (
			);
			runOnlyForDeploymentPostprocessing = 0;
		};
/* End PBXFrameworksBuildPhase section */

/* Begin PBXGroup section */
		00911A382317AAE100206249 = {
			isa = PBXGroup;
			children = (
				00911A432317AAE100206249 /* JRImagePickerDemo */,
				00911A422317AAE100206249 /* Products */,
			);
			sourceTree = "<group>";
		};
		00911A422317AAE100206249 /* Products */ = {
			isa = PBXGroup;
			children = (
				00911A412317AAE100206249 /* JRImagePickerDemo.app */,
			);
			name = Products;
			sourceTree = "<group>";
		};
		00911A432317AAE100206249 /* JRImagePickerDemo */ = {
			isa = PBXGroup;
			children = (
				DF29F58F231805B3009B3CBC /* README.md */,
				00911A5A2317AB0B00206249 /* JRImagePicker */,
				00911A442317AAE100206249 /* AppDelegate.h */,
				00911A452317AAE100206249 /* AppDelegate.m */,
				00911A472317AAE100206249 /* ViewController.h */,
				00911A482317AAE100206249 /* ViewController.m */,
				00911A4A2317AAE100206249 /* Main.storyboard */,
				00911A4D2317AAED00206249 /* Assets.xcassets */,
				00911A4F2317AAED00206249 /* LaunchScreen.storyboard */,
				00911A522317AAED00206249 /* Info.plist */,
				00911A532317AAED00206249 /* main.m */,
			);
			path = JRImagePickerDemo;
			sourceTree = "<group>";
		};
		00911A5A2317AB0B00206249 /* JRImagePicker */ = {
			isa = PBXGroup;
			children = (
				00911A5D2317AB0B00206249 /* JRImagePicker.h */,
				00911A5B2317AB0B00206249 /* JRImagePicker.m */,
			);
			name = JRImagePicker;
			path = ../../JRImagePicker;
			sourceTree = "<group>";
		};
/* End PBXGroup section */

/* Begin PBXNativeTarget section */
		00911A402317AAE100206249 /* JRImagePickerDemo */ = {
			isa = PBXNativeTarget;
			buildConfigurationList = 00911A572317AAED00206249 /* Build configuration list for PBXNativeTarget "JRImagePickerDemo" */;
			buildPhases = (
				00911A3D2317AAE100206249 /* Sources */,
				00911A3E2317AAE100206249 /* Frameworks */,
				00911A3F2317AAE100206249 /* Resources */,
			);
			buildRules = (
			);
			dependencies = (
			);
			name = JRImagePickerDemo;
			productName = JRImagePickerDemo;
			productReference = 00911A412317AAE100206249 /* JRImagePickerDemo.app */;
			productType = "com.apple.product-type.application";
		};
/* End PBXNativeTarget section */

/* Begin PBXProject section */
		00911A392317AAE100206249 /* Project object */ = {
			isa = PBXProject;
			attributes = {
				LastUpgradeCheck = 1010;
				ORGANIZATIONNAME = Zach;
				TargetAttributes = {
					00911A402317AAE100206249 = {
						CreatedOnToolsVersion = 10.1;
					};
				};
			};
			buildConfigurationList = 00911A3C2317AAE100206249 /* Build configuration list for PBXProject "JRImagePickerDemo" */;
			compatibilityVersion = "Xcode 9.3";
			developmentRegion = en;
			hasScannedForEncodings = 0;
			knownRegions = (
				en,
				Base,
			);
			mainGroup = 00911A382317AAE100206249;
			productRefGroup = 00911A422317AAE100206249 /* Products */;
			projectDirPath = "";
			projectRoot = "";
			targets = (
				00911A402317AAE100206249 /* JRImagePickerDemo */,
			);
		};
/* End PBXProject section */

/* Begin PBXResourcesBuildPhase section */
		00911A3F2317AAE100206249 /* Resources */ = {
			isa = PBXResourcesBuildPhase;
			buildActionMask = 2147483647;
			files = (
				00911A512317AAED00206249 /* LaunchScreen.storyboard in Resources */,
				00911A4E2317AAED00206249 /* Assets.xcassets in Resources */,
				DF29F590231805B3009B3CBC /* README.md in Resources */,
				00911A4C2317AAE100206249 /* Main.storyboard in Resources */,
			);
			runOnlyForDeploymentPostprocessing = 0;
		};
/* End PBXResourcesBuildPhase section */

/* Begin PBXSourcesBuildPhase section */
		00911A3D2317AAE100206249 /* Sources */ = {
			isa = PBXSourcesBuildPhase;
			buildActionMask = 2147483647;
			files = (
				00911A492317AAE100206249 /* ViewController.m in Sources */,
				00911A542317AAED00206249 /* main.m in Sources */,
				00911A462317AAE100206249 /* AppDelegate.m in Sources */,
				00911A5E2317AB0B00206249 /* JRImagePicker.m in Sources */,
			);
			runOnlyForDeploymentPostprocessing = 0;
		};
/* End PBXSourcesBuildPhase section */

/* Begin PBXVariantGroup section */
		00911A4A2317AAE100206249 /* Main.storyboard */ = {
			isa = PBXVariantGroup;
			children = (
				00911A4B2317AAE100206249 /* Base */,
			);
			name = Main.storyboard;
			sourceTree = "<group>";
		};
		00911A4F2317AAED00206249 /* LaunchScreen.storyboard */ = {
			isa = PBXVariantGroup;
			children = (
				00911A502317AAED00206249 /* Base */,
			);
			name = LaunchScreen.storyboard;
			sourceTree = "<group>";
		};
/* End PBXVariantGroup section */

/* Begin XCBuildConfiguration section */
		00911A552317AAED00206249 /* Debug */ = {
			isa = XCBuildConfiguration;
			buildSettings = {
				ALWAYS_SEARCH_USER_PATHS = NO;
				CLANG_ANALYZER_NONNULL = YES;
				CLANG_ANALYZER_NUMBER_OBJECT_CONVERSION = YES_AGGRESSIVE;
				CLANG_CXX_LANGUAGE_STANDARD = "gnu++14";
				CLANG_CXX_LIBRARY = "libc++";
				CLANG_ENABLE_MODULES = YES;
				CLANG_ENABLE_OBJC_ARC = YES;
				CLANG_ENABLE_OBJC_WEAK = YES;
				CLANG_WARN_BLOCK_CAPTURE_AUTORELEASING = YES;
				CLANG_WARN_BOOL_CONVERSION = YES;
				CLANG_WARN_COMMA = YES;
				CLANG_WARN_CONSTANT_CONVERSION = YES;
				CLANG_WARN_DEPRECATED_OBJC_IMPLEMENTATIONS = YES;
				CLANG_WARN_DIRECT_OBJC_ISA_USAGE = YES_ERROR;
				CLANG_WARN_DOCUMENTATION_COMMENTS = YES;
				CLANG_WARN_EMPTY_BODY = YES;
				CLANG_WARN_ENUM_CONVERSION = YES;
				CLANG_WARN_INFINITE_RECURSION = YES;
				CLANG_WARN_INT_CONVERSION = YES;
				CLANG_WARN_NON_LITERAL_NULL_CONVERSION = YES;
				CLANG_WARN_OBJC_IMPLICIT_RETAIN_SELF = YES;
				CLANG_WARN_OBJC_LITERAL_CONVERSION = YES;
				CLANG_WARN_OBJC_ROOT_CLASS = YES_ERROR;
				CLANG_WARN_RANGE_LOOP_ANALYSIS = YES;
				CLANG_WARN_STRICT_PROTOTYPES = YES;
				CLANG_WARN_SUSPICIOUS_MOVE = YES;
				CLANG_WARN_UNGUARDED_AVAILABILITY = YES_AGGRESSIVE;
				CLANG_WARN_UNREACHABLE_CODE = YES;
				CLANG_WARN__DUPLICATE_METHOD_MATCH = YES;
				CODE_SIGN_IDENTITY = "iPhone Developer";
				COPY_PHASE_STRIP = NO;
				DEBUG_INFORMATION_FORMAT = dwarf;
				ENABLE_STRICT_OBJC_MSGSEND = YES;
				ENABLE_TESTABILITY = YES;
				GCC_C_LANGUAGE_STANDARD = gnu11;
				GCC_DYNAMIC_NO_PIC = NO;
				GCC_NO_COMMON_BLOCKS = YES;
				GCC_OPTIMIZATION_LEVEL = 0;
				GCC_PREPROCESSOR_DEFINITIONS = (
					"DEBUG=1",
					"$(inherited)",
				);
				GCC_WARN_64_TO_32_BIT_CONVERSION = YES;
				GCC_WARN_ABOUT_RETURN_TYPE = YES_ERROR;
				GCC_WARN_UNDECLARED_SELECTOR = YES;
				GCC_WARN_UNINITIALIZED_AUTOS = YES_AGGRESSIVE;
				GCC_WARN_UNUSED_FUNCTION = YES;
				GCC_WARN_UNUSED_VARIABLE = YES;
				IPHONEOS_DEPLOYMENT_TARGET = 12.1;
				MTL_ENABLE_DEBUG_INFO = INCLUDE_SOURCE;
				MTL_FAST_MATH = YES;
				ONLY_ACTIVE_ARCH = YES;
				SDKROOT = iphoneos;
			};
			name = Debug;
		};
		00911A562317AAED00206249 /* Release */ = {
			isa = XCBuildConfiguration;
			buildSettings = {
				ALWAYS_SEARCH_USER_PATHS = NO;
				CLANG_ANALYZER_NONNULL = YES;
				CLANG_ANALYZER_NUMBER_OBJECT_CONVERSION = YES_AGGRESSIVE;
				CLANG_CXX_LANGUAGE_STANDARD = "gnu++14";
				CLANG_CXX_LIBRARY = "libc++";
				CLANG_ENABLE_MODULES = YES;
				CLANG_ENABLE_OBJC_ARC = YES;
				CLANG_ENABLE_OBJC_WEAK = YES;
				CLANG_WARN_BLOCK_CAPTURE_AUTORELEASING = YES;
				CLANG_WARN_BOOL_CONVERSION = YES;
				CLANG_WARN_COMMA = YES;
				CLANG_WARN_CONSTANT_CONVERSION = YES;
				CLANG_WARN_DEPRECATED_OBJC_IMPLEMENTATIONS = YES;
				CLANG_WARN_DIRECT_OBJC_ISA_USAGE = YES_ERROR;
				CLANG_WARN_DOCUMENTATION_COMMENTS = YES;
				CLANG_WARN_EMPTY_BODY = YES;
				CLANG_WARN_ENUM_CONVERSION = YES;
				CLANG_WARN_INFINITE_RECURSION = YES;
				CLANG_WARN_INT_CONVERSION = YES;
				CLANG_WARN_NON_LITERAL_NULL_CONVERSION = YES;
				CLANG_WARN_OBJC_IMPLICIT_RETAIN_SELF = YES;
				CLANG_WARN_OBJC_LITERAL_CONVERSION = YES;
				CLANG_WARN_OBJC_ROOT_CLASS = YES_ERROR;
				CLANG_WARN_RANGE_LOOP_ANALYSIS = YES;
				CLANG_WARN_STRICT_PROTOTYPES = YES;
				CLANG_WARN_SUSPICIOUS_MOVE = YES;
				CLANG_WARN_UNGUARDED_AVAILABILITY = YES_AGGRESSIVE;
				CLANG_WARN_UNREACHABLE_CODE = YES;
				CLANG_WARN__DUPLICATE_METHOD_MATCH = YES;
				CODE_SIGN_IDENTITY = "iPhone Developer";
				COPY_PHASE_STRIP = NO;
				DEBUG_INFORMATION_FORMAT = "dwarf-with-dsym";
				ENABLE_NS_ASSERTIONS = NO;
				ENABLE_STRICT_OBJC_MSGSEND = YES;
				GCC_C_LANGUAGE_STANDARD = gnu11;
				GCC_NO_COMMON_BLOCKS = YES;
				GCC_WARN_64_TO_32_BIT_CONVERSION = YES;
				GCC_WARN_ABOUT_RETURN_TYPE = YES_ERROR;
				GCC_WARN_UNDECLARED_SELECTOR = YES;
				GCC_WARN_UNINITIALIZED_AUTOS = YES_AGGRESSIVE;
				GCC_WARN_UNUSED_FUNCTION = YES;
				GCC_WARN_UNUSED_VARIABLE = YES;
				IPHONEOS_DEPLOYMENT_TARGET = 12.1;
				MTL_ENABLE_DEBUG_INFO = NO;
				MTL_FAST_MATH = YES;
				SDKROOT = iphoneos;
				VALIDATE_PRODUCT = YES;
			};
			name = Release;
		};
		00911A582317AAED00206249 /* Debug */ = {
			isa = XCBuildConfiguration;
			buildSettings = {
				ASSETCATALOG_COMPILER_APPICON_NAME = AppIcon;
				CODE_SIGN_STYLE = Automatic;
				INFOPLIST_FILE = JRImagePickerDemo/Info.plist;
				LD_RUNPATH_SEARCH_PATHS = (
					"$(inherited)",
					"@executable_path/Frameworks",
				);
				PRODUCT_BUNDLE_IDENTIFIER = com.zach.JRImagePickerDemo;
				PRODUCT_NAME = "$(TARGET_NAME)";
				TARGETED_DEVICE_FAMILY = "1,2";
			};
			name = Debug;
		};
		00911A592317AAED00206249 /* Release */ = {
			isa = XCBuildConfiguration;
			buildSettings = {
				ASSETCATALOG_COMPILER_APPICON_NAME = AppIcon;
				CODE_SIGN_STYLE = Automatic;
				INFOPLIST_FILE = JRImagePickerDemo/Info.plist;
				LD_RUNPATH_SEARCH_PATHS = (
					"$(inherited)",
					"@executable_path/Frameworks",
				);
				PRODUCT_BUNDLE_IDENTIFIER = com.zach.JRImagePickerDemo;
				PRODUCT_NAME = "$(TARGET_NAME)";
				TARGETED_DEVICE_FAMILY = "1,2";
			};
			name = Release;
		};
/* End XCBuildConfiguration section */

/* Begin XCConfigurationList section */
		00911A3C2317AAE100206249 /* Build configuration list for PBXProject "JRImagePickerDemo" */ = {
			isa = XCConfigurationList;
			buildConfigurations = (
				00911A552317AAED00206249 /* Debug */,
				00911A562317AAED00206249 /* Release */,
			);
			defaultConfigurationIsVisible = 0;
			defaultConfigurationName = Release;
		};
		00911A572317AAED00206249 /* Build configuration list for PBXNativeTarget "JRImagePickerDemo" */ = {
			isa = XCConfigurationList;
			buildConfigurations = (
				00911A582317AAED00206249 /* Debug */,
				00911A592317AAED00206249 /* Release */,
			);
			defaultConfigurationIsVisible = 0;
			defaultConfigurationName = Release;
		};
/* End XCConfigurationList section */
	};
	rootObject = 00911A392317AAE100206249 /* Project object */;
}
